# THIS IS AN AUTOGENERATED FILE. DO NOT EDIT THIS FILE DIRECTLY.
# yarn lockfile v1


fp-ts@^2.9.5:
  version "2.9.5"
  resolved "https://registry.yarnpkg.com/fp-ts/-/fp-ts-2.9.5.tgz#6690cd8b76b84214a38fc77cbbbd04a38f86ea90"
  integrity sha512-MiHrA5teO6t8zKArE3DdMPT/Db6v2GUt5yfWnhBTrrsVfeCJUUnV6sgFvjGNBKDmEMqVwRFkEePL7wPwqrLKKA==
